
Microsoft Visual Studio Solution File, Format Version 12.00
# Visual Studio Version 17
VisualStudioVersion = 17.11.35219.272
MinimumVisualStudioVersion = 10.0.40219.1
Project("{FAE04EC0-301F-11D3-BF4B-00C04F79EFBC}") = "OOPS_BankingSolution", "OOPS_BankingSolution\OOPS_BankingSolution.csproj", "{87C878F4-542E-4964-8AC5-9A5F48C78D4A}"
EndProject
Global
	GlobalSection(SolutionConfigurationPlatforms) = preSolution
		Debug|Any CPU = Debug|Any CPU
		Release|Any CPU = Release|Any CPU
	EndGlobalSection
	GlobalSection(ProjectConfigurationPlatforms) = postSolution
		{87C878F4-542E-4964-8AC5-9A5F48C78D4A}.Debug|Any CPU.ActiveCfg = Debug|Any CPU
		{87C878F4-542E-4964-8AC5-9A5F48C78D4A}.Debug|Any CPU.Build.0 = Debug|Any CPU
		{87C878F4-542E-4964-8AC5-9A5F48C78D4A}.Release|Any CPU.ActiveCfg = Release|Any CPU
		{87C878F4-542E-4964-8AC5-9A5F48C78D4A}.Release|Any CPU.Build.0 = Release|Any CPU
	EndGlobalSection
	GlobalSection(SolutionProperties) = preSolution
		HideSolutionNode = FALSE
	EndGlobalSection
	GlobalSection(ExtensibilityGlobals) = postSolution
		SolutionGuid = {2BD6B900-3B0C-4A02-B579-E050A6F624C3}
	EndGlobalSection
EndGlobal
