
Microsoft Visual Studio Solution File, Format Version 12.00
# Visual Studio Version 17
VisualStudioVersion = 17.11.35219.272
MinimumVisualStudioVersion = 10.0.40219.1
Project("{FAE04EC0-301F-11D3-BF4B-00C04F79EFBC}") = "Linq_Demo", "Linq_Demo\Linq_Demo.csproj", "{9250B681-0D96-4E3D-8640-960216315070}"
EndProject
Global
	GlobalSection(SolutionConfigurationPlatforms) = preSolution
		Debug|Any CPU = Debug|Any CPU
		Release|Any CPU = Release|Any CPU
	EndGlobalSection
	GlobalSection(ProjectConfigurationPlatforms) = postSolution
		{9250B681-0D96-4E3D-8640-960216315070}.Debug|Any CPU.ActiveCfg = Debug|Any CPU
		{9250B681-0D96-4E3D-8640-960216315070}.Debug|Any CPU.Build.0 = Debug|Any CPU
		{9250B681-0D96-4E3D-8640-960216315070}.Release|Any CPU.ActiveCfg = Release|Any CPU
		{9250B681-0D96-4E3D-8640-960216315070}.Release|Any CPU.Build.0 = Release|Any CPU
	EndGlobalSection
	GlobalSection(SolutionProperties) = preSolution
		HideSolutionNode = FALSE
	EndGlobalSection
	GlobalSection(ExtensibilityGlobals) = postSolution
		SolutionGuid = {36ECAB4C-60FE-4337-A075-7E9178FD6E0A}
	EndGlobalSection
EndGlobal
