
Microsoft Visual Studio Solution File, Format Version 12.00
# Visual Studio Version 17
VisualStudioVersion = 17.11.35219.272
MinimumVisualStudioVersion = 10.0.40219.1
Project("{FAE04EC0-301F-11D3-BF4B-00C04F79EFBC}") = "EmployeeManagementSystem(InMemory)", "EmployeeManagementSystem(InMemory)\EmployeeManagementSystem(InMemory).csproj", "{AD506660-2FCC-4D74-B3BA-EE4725C887E0}"
EndProject
Global
	GlobalSection(SolutionConfigurationPlatforms) = preSolution
		Debug|Any CPU = Debug|Any CPU
		Release|Any CPU = Release|Any CPU
	EndGlobalSection
	GlobalSection(ProjectConfigurationPlatforms) = postSolution
		{AD506660-2FCC-4D74-B3BA-EE4725C887E0}.Debug|Any CPU.ActiveCfg = Debug|Any CPU
		{AD506660-2FCC-4D74-B3BA-EE4725C887E0}.Debug|Any CPU.Build.0 = Debug|Any CPU
		{AD506660-2FCC-4D74-B3BA-EE4725C887E0}.Release|Any CPU.ActiveCfg = Release|Any CPU
		{AD506660-2FCC-4D74-B3BA-EE4725C887E0}.Release|Any CPU.Build.0 = Release|Any CPU
	EndGlobalSection
	GlobalSection(SolutionProperties) = preSolution
		HideSolutionNode = FALSE
	EndGlobalSection
	GlobalSection(ExtensibilityGlobals) = postSolution
		SolutionGuid = {34297DD1-64F9-45ED-8F66-8EDA113FA894}
	EndGlobalSection
EndGlobal
