
Microsoft Visual Studio Solution File, Format Version 12.00
# Visual Studio Version 17
VisualStudioVersion = 17.11.35219.272
MinimumVisualStudioVersion = 10.0.40219.1
Project("{FAE04EC0-301F-11D3-BF4B-00C04F79EFBC}") = "VenderManagementConsole", "VenderManagementConsole\VenderManagementConsole.csproj", "{E64AA6ED-5A4E-49C6-A022-3828AB64C625}"
EndProject
Global
	GlobalSection(SolutionConfigurationPlatforms) = preSolution
		Debug|Any CPU = Debug|Any CPU
		Release|Any CPU = Release|Any CPU
	EndGlobalSection
	GlobalSection(ProjectConfigurationPlatforms) = postSolution
		{E64AA6ED-5A4E-49C6-A022-3828AB64C625}.Debug|Any CPU.ActiveCfg = Debug|Any CPU
		{E64AA6ED-5A4E-49C6-A022-3828AB64C625}.Debug|Any CPU.Build.0 = Debug|Any CPU
		{E64AA6ED-5A4E-49C6-A022-3828AB64C625}.Release|Any CPU.ActiveCfg = Release|Any CPU
		{E64AA6ED-5A4E-49C6-A022-3828AB64C625}.Release|Any CPU.Build.0 = Release|Any CPU
	EndGlobalSection
	GlobalSection(SolutionProperties) = preSolution
		HideSolutionNode = FALSE
	EndGlobalSection
	GlobalSection(ExtensibilityGlobals) = postSolution
		SolutionGuid = {305C70AE-EB45-4190-A5BD-CAFF69EB73FB}
	EndGlobalSection
EndGlobal
